
Microsoft Visual Studio Solution File, Format Version 12.00
# Visual Studio Version 17
VisualStudioVersion = 17.5.002.0
MinimumVisualStudioVersion = 10.0.40219.1
Project("{9A19103F-16F7-4668-BE54-9A1E7A4F7556}") = "AS_LP", "AS_LP.csproj", "{F786A739-9AC5-4ED0-9AED-060A5A39EC1A}"
EndProject
Global
	GlobalSection(SolutionConfigurationPlatforms) = preSolution
		Debug|Any CPU = Debug|Any CPU
		Release|Any CPU = Release|Any CPU
	EndGlobalSection
	GlobalSection(ProjectConfigurationPlatforms) = postSolution
		{F786A739-9AC5-4ED0-9AED-060A5A39EC1A}.Debug|Any CPU.ActiveCfg = Debug|Any CPU
		{F786A739-9AC5-4ED0-9AED-060A5A39EC1A}.Debug|Any CPU.Build.0 = Debug|Any CPU
		{F786A739-9AC5-4ED0-9AED-060A5A39EC1A}.Release|Any CPU.ActiveCfg = Release|Any CPU
		{F786A739-9AC5-4ED0-9AED-060A5A39EC1A}.Release|Any CPU.Build.0 = Release|Any CPU
	EndGlobalSection
	GlobalSection(SolutionProperties) = preSolution
		HideSolutionNode = FALSE
	EndGlobalSection
	GlobalSection(ExtensibilityGlobals) = postSolution
		SolutionGuid = {F7B50B9F-B74B-4599-96A3-820F8471EB2A}
	EndGlobalSection
EndGlobal
